
Microsoft Visual Studio Solution File, Format Version 12.00
# Visual Studio 2012
Project("{FAE04EC0-301F-11D3-BF4B-00C04F79EFBC}") = "OpenGlobe", "OpenGlobe\OpenGlobe.csproj", "{0F7828DA-2EED-4698-BBAB-2E11B48D4C83}"
EndProject
Project("{FAE04EC0-301F-11D3-BF4B-00C04F79EFBC}") = "OpenGlobe.Sample", "OpenGlobe.Sample\OpenGlobe.Sample.csproj", "{FB172276-90D5-4F54-AC61-DFA1AF4D9352}"
EndProject
Global
	GlobalSection(SolutionConfigurationPlatforms) = preSolution
		Debug|Any CPU = Debug|Any CPU
		Release|Any CPU = Release|Any CPU
	EndGlobalSection
	GlobalSection(ProjectConfigurationPlatforms) = postSolution
		{0F7828DA-2EED-4698-BBAB-2E11B48D4C83}.Debug|Any CPU.ActiveCfg = Debug|Any CPU
		{0F7828DA-2EED-4698-BBAB-2E11B48D4C83}.Debug|Any CPU.Build.0 = Debug|Any CPU
		{0F7828DA-2EED-4698-BBAB-2E11B48D4C83}.Release|Any CPU.ActiveCfg = Release|Any CPU
		{0F7828DA-2EED-4698-BBAB-2E11B48D4C83}.Release|Any CPU.Build.0 = Release|Any CPU
		{FB172276-90D5-4F54-AC61-DFA1AF4D9352}.Debug|Any CPU.ActiveCfg = Debug|Any CPU
		{FB172276-90D5-4F54-AC61-DFA1AF4D9352}.Debug|Any CPU.Build.0 = Debug|Any CPU
		{FB172276-90D5-4F54-AC61-DFA1AF4D9352}.Debug|Any CPU.Deploy.0 = Debug|Any CPU
		{FB172276-90D5-4F54-AC61-DFA1AF4D9352}.Release|Any CPU.ActiveCfg = Release|Any CPU
		{FB172276-90D5-4F54-AC61-DFA1AF4D9352}.Release|Any CPU.Build.0 = Release|Any CPU
		{FB172276-90D5-4F54-AC61-DFA1AF4D9352}.Release|Any CPU.Deploy.0 = Release|Any CPU
	EndGlobalSection
	GlobalSection(SolutionProperties) = preSolution
		HideSolutionNode = FALSE
	EndGlobalSection
EndGlobal
